// !$*UTF8*$!
{
	archiveVersion = 1;
	classes = {
	};
	objectVersion = 46;
	objects = {

/* Begin PBXBuildFile section */
		7E2EB36A1EED0F2100BD2AAD /* TwoViewController.m in Sources */ = {isa = PBXBuildFile; fileRef = 7E2EB3691EED0F2100BD2AAD /* TwoViewController.m */; };
		7EE825421EECEF060088CBC8 /* main.m in Sources */ = {isa = PBXBuildFile; fileRef = 7EE825411EECEF060088CBC8 /* main.m */; };
		7EE825451EECEF060088CBC8 /* AppDelegate.m in Sources */ = {isa = PBXBuildFile; fileRef = 7EE825441EECEF060088CBC8 /* AppDelegate.m */; };
		7EE825481EECEF060088CBC8 /* OneViewController.m in Sources */ = {isa = PBXBuildFile; fileRef = 7EE825471EECEF060088CBC8 /* OneViewController.m */; };
		7EE8254B1EECEF060088CBC8 /* Main.storyboard in Resources */ = {isa = PBXBuildFile; fileRef = 7EE825491EECEF060088CBC8 /* Main.storyboard */; };
		7EE8254D1EECEF060088CBC8 /* Assets.xcassets in Resources */ = {isa = PBXBuildFile; fileRef = 7EE8254C1EECEF060088CBC8 /* Assets.xcassets */; };
		7EE825501EECEF060088CBC8 /* LaunchScreen.storyboard in Resources */ = {isa = PBXBuildFile; fileRef = 7EE8254E1EECEF060088CBC8 /* LaunchScreen.storyboard */; };
		7EE8255D1EECEF500088CBC8 /* GFRoot.m in Sources */ = {isa = PBXBuildFile; fileRef = 7EE8255C1EECEF500088CBC8 /* GFRoot.m */; };
		7EE825601EECEF720088CBC8 /* GFTree.m in Sources */ = {isa = PBXBuildFile; fileRef = 7EE8255F1EECEF720088CBC8 /* GFTree.m */; };
/* End PBXBuildFile section */

/* Begin PBXFileReference section */
		7E2EB3681EED0F2100BD2AAD /* TwoViewController.h */ = {isa = PBXFileReference; fileEncoding = 4; lastKnownFileType = sourcecode.c.h; path = TwoViewController.h; sourceTree = "<group>"; };
		7E2EB3691EED0F2100BD2AAD /* TwoViewController.m */ = {isa = PBXFileReference; fileEncoding = 4; lastKnownFileType = sourcecode.c.objc; path = TwoViewController.m; sourceTree = "<group>"; };
		7EE8253D1EECEF060088CBC8 /* GFTree.app */ = {isa = PBXFileReference; explicitFileType = wrapper.application; includeInIndex = 0; path = GFTree.app; sourceTree = BUILT_PRODUCTS_DIR; };
		7EE825411EECEF060088CBC8 /* main.m */ = {isa = PBXFileReference; lastKnownFileType = sourcecode.c.objc; path = main.m; sourceTree = "<group>"; };
		7EE825431EECEF060088CBC8 /* AppDelegate.h */ = {isa = PBXFileReference; lastKnownFileType = sourcecode.c.h; path = AppDelegate.h; sourceTree = "<group>"; };
		7EE825441EECEF060088CBC8 /* AppDelegate.m */ = {isa = PBXFileReference; lastKnownFileType = sourcecode.c.objc; path = AppDelegate.m; sourceTree = "<group>"; };
		7EE825461EECEF060088CBC8 /* OneViewController.h */ = {isa = PBXFileReference; lastKnownFileType = sourcecode.c.h; path = OneViewController.h; sourceTree = "<group>"; };
		7EE825471EECEF060088CBC8 /* OneViewController.m */ = {isa = PBXFileReference; lastKnownFileType = sourcecode.c.objc; path = OneViewController.m; sourceTree = "<group>"; };
		7EE8254A1EECEF060088CBC8 /* Base */ = {isa = PBXFileReference; lastKnownFileType = file.storyboard; name = Base; path = Base.lproj/Main.storyboard; sourceTree = "<group>"; };
		7EE8254C1EECEF060088CBC8 /* Assets.xcassets */ = {isa = PBXFileReference; lastKnownFileType = folder.assetcatalog; path = Assets.xcassets; sourceTree = "<group>"; };
		7EE8254F1EECEF060088CBC8 /* Base */ = {isa = PBXFileReference; lastKnownFileType = file.storyboard; name = Base; path = Base.lproj/LaunchScreen.storyboard; sourceTree = "<group>"; };
		7EE825511EECEF060088CBC8 /* Info.plist */ = {isa = PBXFileReference; lastKnownFileType = text.plist.xml; path = Info.plist; sourceTree = "<group>"; };
		7EE8255B1EECEF500088CBC8 /* GFRoot.h */ = {isa = PBXFileReference; fileEncoding = 4; lastKnownFileType = sourcecode.c.h; path = GFRoot.h; sourceTree = "<group>"; };
		7EE8255C1EECEF500088CBC8 /* GFRoot.m */ = {isa = PBXFileReference; fileEncoding = 4; lastKnownFileType = sourcecode.c.objc; path = GFRoot.m; sourceTree = "<group>"; };
		7EE8255E1EECEF720088CBC8 /* GFTree.h */ = {isa = PBXFileReference; fileEncoding = 4; lastKnownFileType = sourcecode.c.h; path = GFTree.h; sourceTree = "<group>"; };
		7EE8255F1EECEF720088CBC8 /* GFTree.m */ = {isa = PBXFileReference; fileEncoding = 4; lastKnownFileType = sourcecode.c.objc; path = GFTree.m; sourceTree = "<group>"; };
		7EE825611EECF3530088CBC8 /* GFTreeProtocols.h */ = {isa = PBXFileReference; fileEncoding = 4; lastKnownFileType = sourcecode.c.h; path = GFTreeProtocols.h; sourceTree = "<group>"; };
/* End PBXFileReference section */

/* Begin PBXFrameworksBuildPhase section */
		7EE8253A1EECEF060088CBC8 /* Frameworks */ = {
			isa = PBXFrameworksBuildPhase;
			buildActionMask = 2147483647;
			files = (
			);
			runOnlyForDeploymentPostprocessing = 0;
		};
/* End PBXFrameworksBuildPhase section */

/* Begin PBXGroup section */
		7EE825341EECEF050088CBC8 = {
			isa = PBXGroup;
			children = (
				7EE825571EECEF200088CBC8 /* Classes */,
				7EE8253F1EECEF060088CBC8 /* GFTree */,
				7EE8253E1EECEF060088CBC8 /* Products */,
			);
			sourceTree = "<group>";
		};
		7EE8253E1EECEF060088CBC8 /* Products */ = {
			isa = PBXGroup;
			children = (
				7EE8253D1EECEF060088CBC8 /* GFTree.app */,
			);
			name = Products;
			sourceTree = "<group>";
		};
		7EE8253F1EECEF060088CBC8 /* GFTree */ = {
			isa = PBXGroup;
			children = (
				7EE825431EECEF060088CBC8 /* AppDelegate.h */,
				7EE825441EECEF060088CBC8 /* AppDelegate.m */,
				7EE825461EECEF060088CBC8 /* OneViewController.h */,
				7EE825471EECEF060088CBC8 /* OneViewController.m */,
				7E2EB3681EED0F2100BD2AAD /* TwoViewController.h */,
				7E2EB3691EED0F2100BD2AAD /* TwoViewController.m */,
				7EE825491EECEF060088CBC8 /* Main.storyboard */,
				7EE8254C1EECEF060088CBC8 /* Assets.xcassets */,
				7EE8254E1EECEF060088CBC8 /* LaunchScreen.storyboard */,
				7EE825511EECEF060088CBC8 /* Info.plist */,
				7EE825401EECEF060088CBC8 /* Supporting Files */,
			);
			path = GFTree;
			sourceTree = "<group>";
		};
		7EE825401EECEF060088CBC8 /* Supporting Files */ = {
			isa = PBXGroup;
			children = (
				7EE825411EECEF060088CBC8 /* main.m */,
			);
			name = "Supporting Files";
			sourceTree = "<group>";
		};
		7EE825571EECEF200088CBC8 /* Classes */ = {
			isa = PBXGroup;
			children = (
				7EE825611EECF3530088CBC8 /* GFTreeProtocols.h */,
				7EE8255B1EECEF500088CBC8 /* GFRoot.h */,
				7EE8255C1EECEF500088CBC8 /* GFRoot.m */,
				7EE8255E1EECEF720088CBC8 /* GFTree.h */,
				7EE8255F1EECEF720088CBC8 /* GFTree.m */,
			);
			path = Classes;
			sourceTree = "<group>";
		};
/* End PBXGroup section */

/* Begin PBXNativeTarget section */
		7EE8253C1EECEF060088CBC8 /* GFTree */ = {
			isa = PBXNativeTarget;
			buildConfigurationList = 7EE825541EECEF060088CBC8 /* Build configuration list for PBXNativeTarget "GFTree" */;
			buildPhases = (
				7EE825391EECEF060088CBC8 /* Sources */,
				7EE8253A1EECEF060088CBC8 /* Frameworks */,
				7EE8253B1EECEF060088CBC8 /* Resources */,
			);
			buildRules = (
			);
			dependencies = (
			);
			name = GFTree;
			productName = GFTree;
			productReference = 7EE8253D1EECEF060088CBC8 /* GFTree.app */;
			productType = "com.apple.product-type.application";
		};
/* End PBXNativeTarget section */

/* Begin PBXProject section */
		7EE825351EECEF060088CBC8 /* Project object */ = {
			isa = PBXProject;
			attributes = {
				LastUpgradeCheck = 0810;
				ORGANIZATIONNAME = "黄健";
				TargetAttributes = {
					7EE8253C1EECEF060088CBC8 = {
						CreatedOnToolsVersion = 8.1;
						DevelopmentTeam = RGDB7M59PE;
						ProvisioningStyle = Automatic;
					};
				};
			};
			buildConfigurationList = 7EE825381EECEF060088CBC8 /* Build configuration list for PBXProject "GFTree" */;
			compatibilityVersion = "Xcode 3.2";
			developmentRegion = English;
			hasScannedForEncodings = 0;
			knownRegions = (
				en,
				Base,
			);
			mainGroup = 7EE825341EECEF050088CBC8;
			productRefGroup = 7EE8253E1EECEF060088CBC8 /* Products */;
			projectDirPath = "";
			projectRoot = "";
			targets = (
				7EE8253C1EECEF060088CBC8 /* GFTree */,
			);
		};
/* End PBXProject section */

/* Begin PBXResourcesBuildPhase section */
		7EE8253B1EECEF060088CBC8 /* Resources */ = {
			isa = PBXResourcesBuildPhase;
			buildActionMask = 2147483647;
			files = (
				7EE825501EECEF060088CBC8 /* LaunchScreen.storyboard in Resources */,
				7EE8254D1EECEF060088CBC8 /* Assets.xcassets in Resources */,
				7EE8254B1EECEF060088CBC8 /* Main.storyboard in Resources */,
			);
			runOnlyForDeploymentPostprocessing = 0;
		};
/* End PBXResourcesBuildPhase section */

/* Begin PBXSourcesBuildPhase section */
		7EE825391EECEF060088CBC8 /* Sources */ = {
			isa = PBXSourcesBuildPhase;
			buildActionMask = 2147483647;
			files = (
				7EE8255D1EECEF500088CBC8 /* GFRoot.m in Sources */,
				7EE825481EECEF060088CBC8 /* OneViewController.m in Sources */,
				7EE825451EECEF060088CBC8 /* AppDelegate.m in Sources */,
				7E2EB36A1EED0F2100BD2AAD /* TwoViewController.m in Sources */,
				7EE825421EECEF060088CBC8 /* main.m in Sources */,
				7EE825601EECEF720088CBC8 /* GFTree.m in Sources */,
			);
			runOnlyForDeploymentPostprocessing = 0;
		};
/* End PBXSourcesBuildPhase section */

/* Begin PBXVariantGroup section */
		7EE825491EECEF060088CBC8 /* Main.storyboard */ = {
			isa = PBXVariantGroup;
			children = (
				7EE8254A1EECEF060088CBC8 /* Base */,
			);
			name = Main.storyboard;
			sourceTree = "<group>";
		};
		7EE8254E1EECEF060088CBC8 /* LaunchScreen.storyboard */ = {
			isa = PBXVariantGroup;
			children = (
				7EE8254F1EECEF060088CBC8 /* Base */,
			);
			name = LaunchScreen.storyboard;
			sourceTree = "<group>";
		};
/* End PBXVariantGroup section */

/* Begin XCBuildConfiguration section */
		7EE825521EECEF060088CBC8 /* Debug */ = {
			isa = XCBuildConfiguration;
			buildSettings = {
				ALWAYS_SEARCH_USER_PATHS = NO;
				CLANG_ANALYZER_NONNULL = YES;
				CLANG_CXX_LANGUAGE_STANDARD = "gnu++0x";
				CLANG_CXX_LIBRARY = "libc++";
				CLANG_ENABLE_MODULES = YES;
				CLANG_ENABLE_OBJC_ARC = YES;
				CLANG_WARN_BOOL_CONVERSION = YES;
				CLANG_WARN_CONSTANT_CONVERSION = YES;
				CLANG_WARN_DIRECT_OBJC_ISA_USAGE = YES_ERROR;
				CLANG_WARN_DOCUMENTATION_COMMENTS = YES;
				CLANG_WARN_EMPTY_BODY = YES;
				CLANG_WARN_ENUM_CONVERSION = YES;
				CLANG_WARN_INFINITE_RECURSION = YES;
				CLANG_WARN_INT_CONVERSION = YES;
				CLANG_WARN_OBJC_ROOT_CLASS = YES_ERROR;
				CLANG_WARN_SUSPICIOUS_MOVES = YES;
				CLANG_WARN_UNREACHABLE_CODE = YES;
				CLANG_WARN__DUPLICATE_METHOD_MATCH = YES;
				"CODE_SIGN_IDENTITY[sdk=iphoneos*]" = "iPhone Developer";
				COPY_PHASE_STRIP = NO;
				DEBUG_INFORMATION_FORMAT = dwarf;
				ENABLE_STRICT_OBJC_MSGSEND = YES;
				ENABLE_TESTABILITY = YES;
				GCC_C_LANGUAGE_STANDARD = gnu99;
				GCC_DYNAMIC_NO_PIC = NO;
				GCC_NO_COMMON_BLOCKS = YES;
				GCC_OPTIMIZATION_LEVEL = 0;
				GCC_PREPROCESSOR_DEFINITIONS = (
					"DEBUG=1",
					"$(inherited)",
				);
				GCC_WARN_64_TO_32_BIT_CONVERSION = YES;
				GCC_WARN_ABOUT_RETURN_TYPE = YES_ERROR;
				GCC_WARN_UNDECLARED_SELECTOR = YES;
				GCC_WARN_UNINITIALIZED_AUTOS = YES_AGGRESSIVE;
				GCC_WARN_UNUSED_FUNCTION = YES;
				GCC_WARN_UNUSED_VARIABLE = YES;
				IPHONEOS_DEPLOYMENT_TARGET = 10.1;
				MTL_ENABLE_DEBUG_INFO = YES;
				ONLY_ACTIVE_ARCH = YES;
				SDKROOT = iphoneos;
				TARGETED_DEVICE_FAMILY = "1,2";
			};
			name = Debug;
		};
		7EE825531EECEF060088CBC8 /* Release */ = {
			isa = XCBuildConfiguration;
			buildSettings = {
				ALWAYS_SEARCH_USER_PATHS = NO;
				CLANG_ANALYZER_NONNULL = YES;
				CLANG_CXX_LANGUAGE_STANDARD = "gnu++0x";
				CLANG_CXX_LIBRARY = "libc++";
				CLANG_ENABLE_MODULES = YES;
				CLANG_ENABLE_OBJC_ARC = YES;
				CLANG_WARN_BOOL_CONVERSION = YES;
				CLANG_WARN_CONSTANT_CONVERSION = YES;
				CLANG_WARN_DIRECT_OBJC_ISA_USAGE = YES_ERROR;
				CLANG_WARN_DOCUMENTATION_COMMENTS = YES;
				CLANG_WARN_EMPTY_BODY = YES;
				CLANG_WARN_ENUM_CONVERSION = YES;
				CLANG_WARN_INFINITE_RECURSION = YES;
				CLANG_WARN_INT_CONVERSION = YES;
				CLANG_WARN_OBJC_ROOT_CLASS = YES_ERROR;
				CLANG_WARN_SUSPICIOUS_MOVES = YES;
				CLANG_WARN_UNREACHABLE_CODE = YES;
				CLANG_WARN__DUPLICATE_METHOD_MATCH = YES;
				"CODE_SIGN_IDENTITY[sdk=iphoneos*]" = "iPhone Developer";
				COPY_PHASE_STRIP = NO;
				DEBUG_INFORMATION_FORMAT = "dwarf-with-dsym";
				ENABLE_NS_ASSERTIONS = NO;
				ENABLE_STRICT_OBJC_MSGSEND = YES;
				GCC_C_LANGUAGE_STANDARD = gnu99;
				GCC_NO_COMMON_BLOCKS = YES;
				GCC_WARN_64_TO_32_BIT_CONVERSION = YES;
				GCC_WARN_ABOUT_RETURN_TYPE = YES_ERROR;
				GCC_WARN_UNDECLARED_SELECTOR = YES;
				GCC_WARN_UNINITIALIZED_AUTOS = YES_AGGRESSIVE;
				GCC_WARN_UNUSED_FUNCTION = YES;
				GCC_WARN_UNUSED_VARIABLE = YES;
				IPHONEOS_DEPLOYMENT_TARGET = 10.1;
				MTL_ENABLE_DEBUG_INFO = NO;
				SDKROOT = iphoneos;
				TARGETED_DEVICE_FAMILY = "1,2";
				VALIDATE_PRODUCT = YES;
			};
			name = Release;
		};
		7EE825551EECEF060088CBC8 /* Debug */ = {
			isa = XCBuildConfiguration;
			buildSettings = {
				ASSETCATALOG_COMPILER_APPICON_NAME = AppIcon;
				DEVELOPMENT_TEAM = RGDB7M59PE;
				INFOPLIST_FILE = GFTree/Info.plist;
				LD_RUNPATH_SEARCH_PATHS = "$(inherited) @executable_path/Frameworks";
				PRODUCT_BUNDLE_IDENTIFIER = "--.GFTree";
				PRODUCT_NAME = "$(TARGET_NAME)";
			};
			name = Debug;
		};
		7EE825561EECEF060088CBC8 /* Release */ = {
			isa = XCBuildConfiguration;
			buildSettings = {
				ASSETCATALOG_COMPILER_APPICON_NAME = AppIcon;
				DEVELOPMENT_TEAM = RGDB7M59PE;
				INFOPLIST_FILE = GFTree/Info.plist;
				LD_RUNPATH_SEARCH_PATHS = "$(inherited) @executable_path/Frameworks";
				PRODUCT_BUNDLE_IDENTIFIER = "--.GFTree";
				PRODUCT_NAME = "$(TARGET_NAME)";
			};
			name = Release;
		};
/* End XCBuildConfiguration section */

/* Begin XCConfigurationList section */
		7EE825381EECEF060088CBC8 /* Build configuration list for PBXProject "GFTree" */ = {
			isa = XCConfigurationList;
			buildConfigurations = (
				7EE825521EECEF060088CBC8 /* Debug */,
				7EE825531EECEF060088CBC8 /* Release */,
			);
			defaultConfigurationIsVisible = 0;
			defaultConfigurationName = Release;
		};
		7EE825541EECEF060088CBC8 /* Build configuration list for PBXNativeTarget "GFTree" */ = {
			isa = XCConfigurationList;
			buildConfigurations = (
				7EE825551EECEF060088CBC8 /* Debug */,
				7EE825561EECEF060088CBC8 /* Release */,
			);
			defaultConfigurationIsVisible = 0;
			defaultConfigurationName = Release;
		};
/* End XCConfigurationList section */
	};
	rootObject = 7EE825351EECEF060088CBC8 /* Project object */;
}
